{
  "name": "pico-ide",
  "version": "0.2.10",
  "lockfileVersion": 1,
  "requires": true,
  "dependencies": {
    "clean-css": {
      "version": "4.1.11",
      "resolved": "https://registry.npmjs.org/clean-css/-/clean-css-4.1.11.tgz",
      "integrity": "sha1-Ls3xRaujj1R0DybO/Q/z4D4SXWo=",
      "requires": {
        "source-map": "0.5.7"
      }
    },
    "codemirror": {
      "version": "5.37.0",
      "resolved": "https://registry.npmjs.org/codemirror/-/codemirror-5.37.0.tgz",
      "integrity": "sha512-dQaayDJCLU4UJcwg2RM44oFrs0dMNndTp6qxQJF6XI71l1xN3RB4IqiKES0b0rccbARbrD/UBB4t8DNknfaOTw=="
    },
    "lean-wrap": {
      "version": "0.2.24",
      "resolved": "https://registry.npmjs.org/lean-wrap/-/lean-wrap-0.2.24.tgz",
      "integrity": "sha512-A3UbGAQiqnYpxD1avUrHr2doyPD9kagWTuq3KZJXySyaDEY4ZvxY/sVf1hUwmvPAjDSpnHzxDTMNgq0tWZ2MfQ=="
    },
    "pico-args": {
      "version": "1.0.9",
      "resolved": "https://registry.npmjs.org/pico-args/-/pico-args-1.0.9.tgz",
      "integrity": "sha1-grInDObhb2xQHzzYXlGlzZ5ThHU=",
      "requires": {
        "pico-common": "0.9.4"
      }
    },
    "pico-client": {
      "version": "0.3.22",
      "resolved": "https://registry.npmjs.org/pico-client/-/pico-client-0.3.22.tgz",
      "integrity": "sha512-mhOB4KZdR/v3si/bMPOMhQWAspGNU+4WEVe2EqpoZ6GOvOcY4c+bnFopExQOwxiErelqK6pyckqz4pDj4oJAGw==",
      "requires": {
        "lean-wrap": "0.2.24",
        "pico-common": "0.9.4",
        "pojs": "0.5.2"
      }
    },
    "pico-common": {
      "version": "0.9.4",
      "resolved": "https://registry.npmjs.org/pico-common/-/pico-common-0.9.4.tgz",
      "integrity": "sha512-UgVdt1sqMPhiOHj4h/Iq2e4DB8Fem1bzwMtKTx/EvSXJqbrmOblI6+xy28YEa0ePhI7ivT4smxXQcYIWs+1SpA=="
    },
    "pojs": {
      "version": "0.5.2",
      "resolved": "https://registry.npmjs.org/pojs/-/pojs-0.5.2.tgz",
      "integrity": "sha512-jPZTg2ivLDGK6HSizti7ZQpUOR9njDATA1vzbOh7LWiAfewL2AT3aaZn+qw3zyHvdPcYasQ2Q5eeWohME+yUEw=="
    },
    "source-map": {
      "version": "0.5.7",
      "resolved": "https://registry.npmjs.org/source-map/-/source-map-0.5.7.tgz",
      "integrity": "sha1-igOdLRAh0i0eoUyA2OpGi6LvP8w="
    }
  }
}
