{
  "name": "pico-ide",
  "version": "0.2.8",
  "lockfileVersion": 1,
  "requires": true,
  "dependencies": {
    "clean-css": {
      "version": "4.1.11",
      "resolved": "https://registry.npmjs.org/clean-css/-/clean-css-4.1.11.tgz",
      "integrity": "sha1-Ls3xRaujj1R0DybO/Q/z4D4SXWo=",
      "requires": {
        "source-map": "0.5.7"
      }
    },
    "codemirror": {
      "version": "5.35.0",
      "resolved": "https://registry.npmjs.org/codemirror/-/codemirror-5.35.0.tgz",
      "integrity": "sha512-8HQICjZlDfe1ai7bvU6m2uHxuZuFgsUCdDRU9OHVB+2RTRd+FftN1ezVCqbquG0Fyq+wETqyadKhUX46DswSUQ=="
    },
    "lean-wrap": {
      "version": "0.2.23",
      "resolved": "https://registry.npmjs.org/lean-wrap/-/lean-wrap-0.2.23.tgz",
      "integrity": "sha512-A+hVdhKoS082HmbsCZvoJE9obD4S0UsEWo0YyNnUCos//KiiXnB23wM4PpsS6lCPqC41eVQl/Q3bAtIbWR4BHA=="
    },
    "pico-args": {
      "version": "1.0.9",
      "resolved": "https://registry.npmjs.org/pico-args/-/pico-args-1.0.9.tgz",
      "integrity": "sha1-grInDObhb2xQHzzYXlGlzZ5ThHU=",
      "requires": {
        "pico-common": "0.8.8"
      }
    },
    "pico-client": {
      "version": "0.3.22",
      "resolved": "https://registry.npmjs.org/pico-client/-/pico-client-0.3.22.tgz",
      "integrity": "sha512-mhOB4KZdR/v3si/bMPOMhQWAspGNU+4WEVe2EqpoZ6GOvOcY4c+bnFopExQOwxiErelqK6pyckqz4pDj4oJAGw==",
      "requires": {
        "lean-wrap": "0.2.23",
        "pico-common": "0.8.8",
        "pojs": "0.5.1"
      }
    },
    "pico-common": {
      "version": "0.8.8",
      "resolved": "https://registry.npmjs.org/pico-common/-/pico-common-0.8.8.tgz",
      "integrity": "sha512-a25GzALl4u4/AorOGH+btliyH8R1fgQNHyAMrcfkIIkjnFY6S1JViOCXpxDVwtMy8SsLPcbIFh9xcQ3BXfRH6g=="
    },
    "pojs": {
      "version": "0.5.1",
      "resolved": "https://registry.npmjs.org/pojs/-/pojs-0.5.1.tgz",
      "integrity": "sha512-FHH7cqO+fi79QNAHQVn2K6WxZcUZWQbCc0hZIua+MserLJsGJSLqcw2neSCKDe636qC7yyp7r6yNphOBIGH1LQ=="
    },
    "source-map": {
      "version": "0.5.7",
      "resolved": "https://registry.npmjs.org/source-map/-/source-map-0.5.7.tgz",
      "integrity": "sha1-igOdLRAh0i0eoUyA2OpGi6LvP8w="
    }
  }
}
